# This file is automatically @generated by Cargo.
# It is not intended for manual editing.
version = 4

[[package]]
name = "download-manager-engine"
version = "0.1.0"
dependencies = [
 "download-manager-protocol",
]

[[package]]
name = "download-manager-native-host"
version = "0.1.0"
dependencies = [
 "download-manager-engine",
]

[[package]]
name = "download-manager-protocol"
version = "0.1.0"
